<?xml version="1.0" encoding="utf-8"?>
<Project ToolsVersion="4.0" xmlns="http://schemas.microsoft.com/developer/msbuild/2003">
  <ItemGroup>
    <Filter Include="资源文件">
      <UniqueIdentifier>{67DA6AB6-F800-4c08-8B7A-83BB121AAD01}</UniqueIdentifier>
      <Extensions>rc;ico;cur;bmp;dlg;rc2;rct;bin;rgs;gif;jpg;jpeg;jpe;resx;tiff;tif;png;wav;mfcribbon-ms</Extensions>
    </Filter>
    <Filter Include="Math">
      <UniqueIdentifier>{72ec5043-7121-4d16-9ffd-4539ad4fc513}</UniqueIdentifier>
    </Filter>
    <Filter Include="Renderer">
      <UniqueIdentifier>{2de16ffc-5449-4ad8-a8e4-5f600dff2612}</UniqueIdentifier>
    </Filter>
    <Filter Include="Renderer\Buffer">
      <UniqueIdentifier>{0bcee227-2353-4443-a79c-7b728f443a96}</UniqueIdentifier>
    </Filter>
    <Filter Include="Renderer\Texture">
      <UniqueIdentifier>{c49bf209-1ffc-4fd8-8fdf-2263de0fd948}</UniqueIdentifier>
    </Filter>
    <Filter Include="Main">
      <UniqueIdentifier>{b8c9b859-8524-4a14-8ab3-564451903e10}</UniqueIdentifier>
    </Filter>
    <Filter Include="PostProcessing">
      <UniqueIdentifier>{9fe49796-8489-4ddf-ac7d-492d72acec41}</UniqueIdentifier>
    </Filter>
    <Filter Include="Shaders">
      <UniqueIdentifier>{84a1ea86-b8f1-4548-969e-b155f3530892}</UniqueIdentifier>
    </Filter>
    <Filter Include="Files">
      <UniqueIdentifier>{ea63b624-a3c1-48a6-9f9b-db42789e69f1}</UniqueIdentifier>
    </Filter>
    <Filter Include="Renderer\Util">
      <UniqueIdentifier>{3fb0c1be-59df-49b7-a86c-f1460bdb948d}</UniqueIdentifier>
    </Filter>
    <Filter Include="Util">
      <UniqueIdentifier>{e1ba0c03-d6c0-4490-9a0e-0a1a14af107a}</UniqueIdentifier>
    </Filter>
    <Filter Include="Math\Models">
      <UniqueIdentifier>{d1750eb5-feda-477f-be7c-f8d56b8263df}</UniqueIdentifier>
    </Filter>
    <Filter Include="ShaderResources">
      <UniqueIdentifier>{5dc9d967-2a00-4689-86c5-d08740e9b61f}</UniqueIdentifier>
    </Filter>
  </ItemGroup>
  <ItemGroup>
    <Text Include="ReadMe.txt" />
  </ItemGroup>
  <ItemGroup>
    <ClCompile Include="GLSLProgram.cpp">
      <Filter>Shaders</Filter>
    </ClCompile>
    <ClCompile Include="NvAssetLoaderWin.cpp">
      <Filter>Files</Filter>
    </ClCompile>
    <ClCompile Include="AssetLoaderAndroid.cpp">
      <Filter>Files</Filter>
    </ClCompile>
    <ClCompile Include="GLUtil.cpp">
      <Filter>Renderer\Util</Filter>
    </ClCompile>
    <ClCompile Include="Numeric.cpp">
      <Filter>Util</Filter>
    </ClCompile>
    <ClCompile Include="PostProcessing.cpp">
      <Filter>PostProcessing</Filter>
    </ClCompile>
    <ClCompile Include="Texture.cpp">
      <Filter>Renderer\Texture</Filter>
    </ClCompile>
    <ClCompile Include="TextureUtil.cpp">
      <Filter>Renderer\Texture</Filter>
    </ClCompile>
    <ClCompile Include="PostProcessingFramework.cpp">
      <Filter>PostProcessing</Filter>
    </ClCompile>
    <ClCompile Include="PostProcessGaussBlur.cpp">
      <Filter>PostProcessing</Filter>
    </ClCompile>
  </ItemGroup>
  <ItemGroup>
    <ClInclude Include="GLSLProgram.h">
      <Filter>Shaders</Filter>
    </ClInclude>
    <ClInclude Include="AssetLoader.h">
      <Filter>Files</Filter>
    </ClInclude>
    <ClInclude Include="GLUtil.h">
      <Filter>Renderer\Util</Filter>
    </ClInclude>
    <ClInclude Include="Numeric.h">
      <Filter>Util</Filter>
    </ClInclude>
    <ClInclude Include="PostProcessing.h">
      <Filter>PostProcessing</Filter>
    </ClInclude>
    <ClInclude Include="Texture.h">
      <Filter>Renderer\Texture</Filter>
    </ClInclude>
    <ClInclude Include="Disposeable.h">
      <Filter>Util</Filter>
    </ClInclude>
    <ClInclude Include="TextureUtil.h">
      <Filter>Renderer\Texture</Filter>
    </ClInclude>
    <ClInclude Include="Util.h">
      <Filter>Util</Filter>
    </ClInclude>
    <ClInclude Include="PostProcessingFramework.h">
      <Filter>PostProcessing</Filter>
    </ClInclude>
    <ClInclude Include="PostProcessGaussBlur.h">
      <Filter>PostProcessing</Filter>
    </ClInclude>
    <ClInclude Include="GaussianBlur.h">
      <Filter>Util</Filter>
    </ClInclude>
  </ItemGroup>
  <ItemGroup>
    <None Include="DefaultScreenSpaceVS.vert">
      <Filter>ShaderResources</Filter>
    </None>
    <None Include="GuassBlurPS_Template.frag">
      <Filter>ShaderResources</Filter>
    </None>
    <None Include="DefaultScreenSpacePS.frag">
      <Filter>ShaderResources</Filter>
    </None>
  </ItemGroup>
</Project>